// !$*UTF8*$!
{
	archiveVersion = 1;
	classes = {
	};
	objectVersion = 55;
	objects = {

/* Begin PBXBuildFile section */
		DF13785E282803D000DF0452 /* AppDelegate.swift in Sources */ = {isa = PBXBuildFile; fileRef = DF13785D282803D000DF0452 /* AppDelegate.swift */; };
		DF137860282803D000DF0452 /* SceneDelegate.swift in Sources */ = {isa = PBXBuildFile; fileRef = DF13785F282803D000DF0452 /* SceneDelegate.swift */; };
		DF137865282803D000DF0452 /* Main.storyboard in Resources */ = {isa = PBXBuildFile; fileRef = DF137863282803D000DF0452 /* Main.storyboard */; };
		DF137867282803D100DF0452 /* Assets.xcassets in Resources */ = {isa = PBXBuildFile; fileRef = DF137866282803D100DF0452 /* Assets.xcassets */; };
		DF13786A282803D100DF0452 /* LaunchScreen.storyboard in Resources */ = {isa = PBXBuildFile; fileRef = DF137868282803D100DF0452 /* LaunchScreen.storyboard */; };
		DF137875282803D200DF0452 /* BookStoreTests.swift in Sources */ = {isa = PBXBuildFile; fileRef = DF137874282803D200DF0452 /* BookStoreTests.swift */; };
		DF13787F282803D200DF0452 /* BookStoreUITests.swift in Sources */ = {isa = PBXBuildFile; fileRef = DF13787E282803D200DF0452 /* BookStoreUITests.swift */; };
		DF137881282803D200DF0452 /* BookStoreUITestsLaunchTests.swift in Sources */ = {isa = PBXBuildFile; fileRef = DF137880282803D200DF0452 /* BookStoreUITestsLaunchTests.swift */; };
		DF6478A4283677B10004B0EC /* CartsCell.swift in Sources */ = {isa = PBXBuildFile; fileRef = DF6478A3283677B10004B0EC /* CartsCell.swift */; };
		DF6478A6283677DE0004B0EC /* CartsController.swift in Sources */ = {isa = PBXBuildFile; fileRef = DF6478A5283677DE0004B0EC /* CartsController.swift */; };
		DF6478A828367C030004B0EC /* Payment.swift in Sources */ = {isa = PBXBuildFile; fileRef = DF6478A728367C030004B0EC /* Payment.swift */; };
		DF6478AA28367F2B0004B0EC /* PaymentHistoryCell.swift in Sources */ = {isa = PBXBuildFile; fileRef = DF6478A928367F2B0004B0EC /* PaymentHistoryCell.swift */; };
		DF6478AC28367FA50004B0EC /* PaymentHistoryController.swift in Sources */ = {isa = PBXBuildFile; fileRef = DF6478AB28367FA50004B0EC /* PaymentHistoryController.swift */; };
		DF6478AE283687E80004B0EC /* PaymentDetailCell.swift in Sources */ = {isa = PBXBuildFile; fileRef = DF6478AD283687E80004B0EC /* PaymentDetailCell.swift */; };
		DF6478B0283688610004B0EC /* PaymentDetailController.swift in Sources */ = {isa = PBXBuildFile; fileRef = DF6478AF283688610004B0EC /* PaymentDetailController.swift */; };
		DF89E28B282816A200A63150 /* BookManagementController.swift in Sources */ = {isa = PBXBuildFile; fileRef = DF89E28A282816A200A63150 /* BookManagementController.swift */; };
		DFA2ABD12837C8E100649FF8 /* FMResultSet.m in Sources */ = {isa = PBXBuildFile; fileRef = DFA2ABC62837C8E100649FF8 /* FMResultSet.m */; };
		DFA2ABD22837C8E100649FF8 /* FMDatabase.m in Sources */ = {isa = PBXBuildFile; fileRef = DFA2ABC72837C8E100649FF8 /* FMDatabase.m */; };
		DFA2ABD32837C8E100649FF8 /* FMDatabaseAdditions.m in Sources */ = {isa = PBXBuildFile; fileRef = DFA2ABCB2837C8E100649FF8 /* FMDatabaseAdditions.m */; };
		DFA2ABD42837C8E100649FF8 /* FMDatabasePool.m in Sources */ = {isa = PBXBuildFile; fileRef = DFA2ABCC2837C8E100649FF8 /* FMDatabasePool.m */; };
		DFA2ABD52837C8E100649FF8 /* FMDatabaseQueue.m in Sources */ = {isa = PBXBuildFile; fileRef = DFA2ABCE2837C8E100649FF8 /* FMDatabaseQueue.m */; };
		DFA2ABD82837C96900649FF8 /* BookManagementDatabase.swift in Sources */ = {isa = PBXBuildFile; fileRef = DFA2ABD72837C96900649FF8 /* BookManagementDatabase.swift */; };
		DFE8878828386DC100A132BA /* libsqlite3.0.tbd in Frameworks */ = {isa = PBXBuildFile; fileRef = DFE8878728386DB400A132BA /* libsqlite3.0.tbd */; };
		DFE8878A2838D96C00A132BA /* BookDetailController.swift in Sources */ = {isa = PBXBuildFile; fileRef = DFE887892838D96C00A132BA /* BookDetailController.swift */; };
		DFFC078028363E680070AEA0 /* ListOfBooksController.swift in Sources */ = {isa = PBXBuildFile; fileRef = DFFC077F28363E680070AEA0 /* ListOfBooksController.swift */; };
		DFFC078328363F4E0070AEA0 /* Book.swift in Sources */ = {isa = PBXBuildFile; fileRef = DFFC078228363F4E0070AEA0 /* Book.swift */; };
		DFFC07862836424B0070AEA0 /* ListOfBooksCell.swift in Sources */ = {isa = PBXBuildFile; fileRef = DFFC07852836424B0070AEA0 /* ListOfBooksCell.swift */; };
		DFFC078828365DDD0070AEA0 /* BookManagementCell.swift in Sources */ = {isa = PBXBuildFile; fileRef = DFFC078728365DDD0070AEA0 /* BookManagementCell.swift */; };
/* End PBXBuildFile section */

/* Begin PBXContainerItemProxy section */
		DF137871282803D200DF0452 /* PBXContainerItemProxy */ = {
			isa = PBXContainerItemProxy;
			containerPortal = DF137852282803D000DF0452 /* Project object */;
			proxyType = 1;
			remoteGlobalIDString = DF137859282803D000DF0452;
			remoteInfo = BookStore;
		};
		DF13787B282803D200DF0452 /* PBXContainerItemProxy */ = {
			isa = PBXContainerItemProxy;
			containerPortal = DF137852282803D000DF0452 /* Project object */;
			proxyType = 1;
			remoteGlobalIDString = DF137859282803D000DF0452;
			remoteInfo = BookStore;
		};
/* End PBXContainerItemProxy section */

/* Begin PBXFileReference section */
		DF13785A282803D000DF0452 /* BookStore.app */ = {isa = PBXFileReference; explicitFileType = wrapper.application; includeInIndex = 0; path = BookStore.app; sourceTree = BUILT_PRODUCTS_DIR; };
		DF13785D282803D000DF0452 /* AppDelegate.swift */ = {isa = PBXFileReference; lastKnownFileType = sourcecode.swift; path = AppDelegate.swift; sourceTree = "<group>"; };
		DF13785F282803D000DF0452 /* SceneDelegate.swift */ = {isa = PBXFileReference; lastKnownFileType = sourcecode.swift; path = SceneDelegate.swift; sourceTree = "<group>"; };
		DF137864282803D000DF0452 /* Base */ = {isa = PBXFileReference; lastKnownFileType = file.storyboard; name = Base; path = Base.lproj/Main.storyboard; sourceTree = "<group>"; };
		DF137866282803D100DF0452 /* Assets.xcassets */ = {isa = PBXFileReference; lastKnownFileType = folder.assetcatalog; path = Assets.xcassets; sourceTree = "<group>"; };
		DF137869282803D100DF0452 /* Base */ = {isa = PBXFileReference; lastKnownFileType = file.storyboard; name = Base; path = Base.lproj/LaunchScreen.storyboard; sourceTree = "<group>"; };
		DF13786B282803D100DF0452 /* Info.plist */ = {isa = PBXFileReference; lastKnownFileType = text.plist.xml; path = Info.plist; sourceTree = "<group>"; };
		DF137870282803D200DF0452 /* BookStoreTests.xctest */ = {isa = PBXFileReference; explicitFileType = wrapper.cfbundle; includeInIndex = 0; path = BookStoreTests.xctest; sourceTree = BUILT_PRODUCTS_DIR; };
		DF137874282803D200DF0452 /* BookStoreTests.swift */ = {isa = PBXFileReference; lastKnownFileType = sourcecode.swift; path = BookStoreTests.swift; sourceTree = "<group>"; };
		DF13787A282803D200DF0452 /* BookStoreUITests.xctest */ = {isa = PBXFileReference; explicitFileType = wrapper.cfbundle; includeInIndex = 0; path = BookStoreUITests.xctest; sourceTree = BUILT_PRODUCTS_DIR; };
		DF13787E282803D200DF0452 /* BookStoreUITests.swift */ = {isa = PBXFileReference; lastKnownFileType = sourcecode.swift; path = BookStoreUITests.swift; sourceTree = "<group>"; };
		DF137880282803D200DF0452 /* BookStoreUITestsLaunchTests.swift */ = {isa = PBXFileReference; lastKnownFileType = sourcecode.swift; path = BookStoreUITestsLaunchTests.swift; sourceTree = "<group>"; };
		DF6478A3283677B10004B0EC /* CartsCell.swift */ = {isa = PBXFileReference; lastKnownFileType = sourcecode.swift; path = CartsCell.swift; sourceTree = "<group>"; };
		DF6478A5283677DE0004B0EC /* CartsController.swift */ = {isa = PBXFileReference; lastKnownFileType = sourcecode.swift; path = CartsController.swift; sourceTree = "<group>"; };
		DF6478A728367C030004B0EC /* Payment.swift */ = {isa = PBXFileReference; lastKnownFileType = sourcecode.swift; path = Payment.swift; sourceTree = "<group>"; };
		DF6478A928367F2B0004B0EC /* PaymentHistoryCell.swift */ = {isa = PBXFileReference; lastKnownFileType = sourcecode.swift; path = PaymentHistoryCell.swift; sourceTree = "<group>"; };
		DF6478AB28367FA50004B0EC /* PaymentHistoryController.swift */ = {isa = PBXFileReference; lastKnownFileType = sourcecode.swift; path = PaymentHistoryController.swift; sourceTree = "<group>"; };
		DF6478AD283687E80004B0EC /* PaymentDetailCell.swift */ = {isa = PBXFileReference; lastKnownFileType = sourcecode.swift; path = PaymentDetailCell.swift; sourceTree = "<group>"; };
		DF6478AF283688610004B0EC /* PaymentDetailController.swift */ = {isa = PBXFileReference; lastKnownFileType = sourcecode.swift; path = PaymentDetailController.swift; sourceTree = "<group>"; };
		DF89E28A282816A200A63150 /* BookManagementController.swift */ = {isa = PBXFileReference; lastKnownFileType = sourcecode.swift; path = BookManagementController.swift; sourceTree = "<group>"; };
		DFA2ABC52837C8E100649FF8 /* BookStore-Bridging-Header.h */ = {isa = PBXFileReference; lastKnownFileType = sourcecode.c.h; path = "BookStore-Bridging-Header.h"; sourceTree = "<group>"; };
		DFA2ABC62837C8E100649FF8 /* FMResultSet.m */ = {isa = PBXFileReference; fileEncoding = 4; lastKnownFileType = sourcecode.c.objc; name = FMResultSet.m; path = src/FMResultSet.m; sourceTree = "<group>"; };
		DFA2ABC72837C8E100649FF8 /* FMDatabase.m */ = {isa = PBXFileReference; fileEncoding = 4; lastKnownFileType = sourcecode.c.objc; name = FMDatabase.m; path = src/FMDatabase.m; sourceTree = "<group>"; };
		DFA2ABC82837C8E100649FF8 /* FMResultSet.h */ = {isa = PBXFileReference; fileEncoding = 4; lastKnownFileType = sourcecode.c.h; name = FMResultSet.h; path = src/FMResultSet.h; sourceTree = "<group>"; };
		DFA2ABC92837C8E100649FF8 /* FMDatabaseAdditions.h */ = {isa = PBXFileReference; fileEncoding = 4; lastKnownFileType = sourcecode.c.h; name = FMDatabaseAdditions.h; path = src/FMDatabaseAdditions.h; sourceTree = "<group>"; };
		DFA2ABCA2837C8E100649FF8 /* FMDatabase.h */ = {isa = PBXFileReference; fileEncoding = 4; lastKnownFileType = sourcecode.c.h; name = FMDatabase.h; path = src/FMDatabase.h; sourceTree = "<group>"; };
		DFA2ABCB2837C8E100649FF8 /* FMDatabaseAdditions.m */ = {isa = PBXFileReference; fileEncoding = 4; lastKnownFileType = sourcecode.c.objc; name = FMDatabaseAdditions.m; path = src/FMDatabaseAdditions.m; sourceTree = "<group>"; };
		DFA2ABCC2837C8E100649FF8 /* FMDatabasePool.m */ = {isa = PBXFileReference; fileEncoding = 4; lastKnownFileType = sourcecode.c.objc; name = FMDatabasePool.m; path = src/FMDatabasePool.m; sourceTree = "<group>"; };
		DFA2ABCD2837C8E100649FF8 /* FMDatabasePool.h */ = {isa = PBXFileReference; fileEncoding = 4; lastKnownFileType = sourcecode.c.h; name = FMDatabasePool.h; path = src/FMDatabasePool.h; sourceTree = "<group>"; };
		DFA2ABCE2837C8E100649FF8 /* FMDatabaseQueue.m */ = {isa = PBXFileReference; fileEncoding = 4; lastKnownFileType = sourcecode.c.objc; name = FMDatabaseQueue.m; path = src/FMDatabaseQueue.m; sourceTree = "<group>"; };
		DFA2ABCF2837C8E100649FF8 /* FMDB.h */ = {isa = PBXFileReference; fileEncoding = 4; lastKnownFileType = sourcecode.c.h; name = FMDB.h; path = src/FMDB.h; sourceTree = "<group>"; };
		DFA2ABD02837C8E100649FF8 /* FMDatabaseQueue.h */ = {isa = PBXFileReference; fileEncoding = 4; lastKnownFileType = sourcecode.c.h; name = FMDatabaseQueue.h; path = src/FMDatabaseQueue.h; sourceTree = "<group>"; };
		DFA2ABD72837C96900649FF8 /* BookManagementDatabase.swift */ = {isa = PBXFileReference; lastKnownFileType = sourcecode.swift; path = BookManagementDatabase.swift; sourceTree = "<group>"; };
		DFE8878728386DB400A132BA /* libsqlite3.0.tbd */ = {isa = PBXFileReference; lastKnownFileType = "sourcecode.text-based-dylib-definition"; name = libsqlite3.0.tbd; path = usr/lib/libsqlite3.0.tbd; sourceTree = SDKROOT; };
		DFE887892838D96C00A132BA /* BookDetailController.swift */ = {isa = PBXFileReference; lastKnownFileType = sourcecode.swift; path = BookDetailController.swift; sourceTree = "<group>"; };
		DFFC077F28363E680070AEA0 /* ListOfBooksController.swift */ = {isa = PBXFileReference; lastKnownFileType = sourcecode.swift; path = ListOfBooksController.swift; sourceTree = "<group>"; };
		DFFC078228363F4E0070AEA0 /* Book.swift */ = {isa = PBXFileReference; lastKnownFileType = sourcecode.swift; path = Book.swift; sourceTree = "<group>"; };
		DFFC07852836424B0070AEA0 /* ListOfBooksCell.swift */ = {isa = PBXFileReference; lastKnownFileType = sourcecode.swift; path = ListOfBooksCell.swift; sourceTree = "<group>"; };
		DFFC078728365DDD0070AEA0 /* BookManagementCell.swift */ = {isa = PBXFileReference; lastKnownFileType = sourcecode.swift; path = BookManagementCell.swift; sourceTree = "<group>"; };
/* End PBXFileReference section */

/* Begin PBXFrameworksBuildPhase section */
		DF137857282803D000DF0452 /* Frameworks */ = {
			isa = PBXFrameworksBuildPhase;
			buildActionMask = 2147483647;
			files = (
				DFE8878828386DC100A132BA /* libsqlite3.0.tbd in Frameworks */,
			);
			runOnlyForDeploymentPostprocessing = 0;
		};
		DF13786D282803D200DF0452 /* Frameworks */ = {
			isa = PBXFrameworksBuildPhase;
			buildActionMask = 2147483647;
			files = (
			);
			runOnlyForDeploymentPostprocessing = 0;
		};
		DF137877282803D200DF0452 /* Frameworks */ = {
			isa = PBXFrameworksBuildPhase;
			buildActionMask = 2147483647;
			files = (
			);
			runOnlyForDeploymentPostprocessing = 0;
		};
/* End PBXFrameworksBuildPhase section */

/* Begin PBXGroup section */
		DF137851282803D000DF0452 = {
			isa = PBXGroup;
			children = (
				DF13785C282803D000DF0452 /* BookStore */,
				DF137873282803D200DF0452 /* BookStoreTests */,
				DF13787D282803D200DF0452 /* BookStoreUITests */,
				DF13785B282803D000DF0452 /* Products */,
				DFE8878628386DB400A132BA /* Frameworks */,
			);
			sourceTree = "<group>";
		};
		DF13785B282803D000DF0452 /* Products */ = {
			isa = PBXGroup;
			children = (
				DF13785A282803D000DF0452 /* BookStore.app */,
				DF137870282803D200DF0452 /* BookStoreTests.xctest */,
				DF13787A282803D200DF0452 /* BookStoreUITests.xctest */,
			);
			name = Products;
			sourceTree = "<group>";
		};
		DF13785C282803D000DF0452 /* BookStore */ = {
			isa = PBXGroup;
			children = (
				DFFC077F28363E680070AEA0 /* ListOfBooksController.swift */,
				DF89E28A282816A200A63150 /* BookManagementController.swift */,
				DFE887892838D96C00A132BA /* BookDetailController.swift */,
				DF6478A5283677DE0004B0EC /* CartsController.swift */,
				DF6478AB28367FA50004B0EC /* PaymentHistoryController.swift */,
				DF6478AF283688610004B0EC /* PaymentDetailController.swift */,
				DF137863282803D000DF0452 /* Main.storyboard */,
				DFA2ABD62837C94000649FF8 /* DAL */,
				DFA2ABC42837C60900649FF8 /* FMDB */,
				DFFC078128363F260070AEA0 /* DataModels */,
				DFFC0784283641E40070AEA0 /* Controls */,
				DF89E2892828097A00A63150 /* System */,
			);
			path = BookStore;
			sourceTree = "<group>";
		};
		DF137873282803D200DF0452 /* BookStoreTests */ = {
			isa = PBXGroup;
			children = (
				DF137874282803D200DF0452 /* BookStoreTests.swift */,
			);
			path = BookStoreTests;
			sourceTree = "<group>";
		};
		DF13787D282803D200DF0452 /* BookStoreUITests */ = {
			isa = PBXGroup;
			children = (
				DF13787E282803D200DF0452 /* BookStoreUITests.swift */,
				DF137880282803D200DF0452 /* BookStoreUITestsLaunchTests.swift */,
			);
			path = BookStoreUITests;
			sourceTree = "<group>";
		};
		DF89E2892828097A00A63150 /* System */ = {
			isa = PBXGroup;
			children = (
				DF13786B282803D100DF0452 /* Info.plist */,
				DF137868282803D100DF0452 /* LaunchScreen.storyboard */,
				DF137866282803D100DF0452 /* Assets.xcassets */,
				DF13785F282803D000DF0452 /* SceneDelegate.swift */,
				DF13785D282803D000DF0452 /* AppDelegate.swift */,
			);
			name = System;
			sourceTree = "<group>";
		};
		DFA2ABC42837C60900649FF8 /* FMDB */ = {
			isa = PBXGroup;
			children = (
				DFA2ABCA2837C8E100649FF8 /* FMDatabase.h */,
				DFA2ABC72837C8E100649FF8 /* FMDatabase.m */,
				DFA2ABC92837C8E100649FF8 /* FMDatabaseAdditions.h */,
				DFA2ABCB2837C8E100649FF8 /* FMDatabaseAdditions.m */,
				DFA2ABCD2837C8E100649FF8 /* FMDatabasePool.h */,
				DFA2ABCC2837C8E100649FF8 /* FMDatabasePool.m */,
				DFA2ABD02837C8E100649FF8 /* FMDatabaseQueue.h */,
				DFA2ABCE2837C8E100649FF8 /* FMDatabaseQueue.m */,
				DFA2ABCF2837C8E100649FF8 /* FMDB.h */,
				DFA2ABC82837C8E100649FF8 /* FMResultSet.h */,
				DFA2ABC62837C8E100649FF8 /* FMResultSet.m */,
				DFA2ABC52837C8E100649FF8 /* BookStore-Bridging-Header.h */,
			);
			path = FMDB;
			sourceTree = "<group>";
		};
		DFA2ABD62837C94000649FF8 /* DAL */ = {
			isa = PBXGroup;
			children = (
				DFA2ABD72837C96900649FF8 /* BookManagementDatabase.swift */,
			);
			path = DAL;
			sourceTree = "<group>";
		};
		DFE8878628386DB400A132BA /* Frameworks */ = {
			isa = PBXGroup;
			children = (
				DFE8878728386DB400A132BA /* libsqlite3.0.tbd */,
			);
			name = Frameworks;
			sourceTree = "<group>";
		};
		DFFC078128363F260070AEA0 /* DataModels */ = {
			isa = PBXGroup;
			children = (
				DFFC078228363F4E0070AEA0 /* Book.swift */,
				DF6478A728367C030004B0EC /* Payment.swift */,
			);
			path = DataModels;
			sourceTree = "<group>";
		};
		DFFC0784283641E40070AEA0 /* Controls */ = {
			isa = PBXGroup;
			children = (
				DFFC07852836424B0070AEA0 /* ListOfBooksCell.swift */,
				DFFC078728365DDD0070AEA0 /* BookManagementCell.swift */,
				DF6478A3283677B10004B0EC /* CartsCell.swift */,
				DF6478A928367F2B0004B0EC /* PaymentHistoryCell.swift */,
				DF6478AD283687E80004B0EC /* PaymentDetailCell.swift */,
			);
			name = Controls;
			sourceTree = "<group>";
		};
/* End PBXGroup section */

/* Begin PBXNativeTarget section */
		DF137859282803D000DF0452 /* BookStore */ = {
			isa = PBXNativeTarget;
			buildConfigurationList = DF137884282803D200DF0452 /* Build configuration list for PBXNativeTarget "BookStore" */;
			buildPhases = (
				DF137856282803D000DF0452 /* Sources */,
				DF137857282803D000DF0452 /* Frameworks */,
				DF137858282803D000DF0452 /* Resources */,
			);
			buildRules = (
			);
			dependencies = (
			);
			name = BookStore;
			productName = BookStore;
			productReference = DF13785A282803D000DF0452 /* BookStore.app */;
			productType = "com.apple.product-type.application";
		};
		DF13786F282803D200DF0452 /* BookStoreTests */ = {
			isa = PBXNativeTarget;
			buildConfigurationList = DF137887282803D200DF0452 /* Build configuration list for PBXNativeTarget "BookStoreTests" */;
			buildPhases = (
				DF13786C282803D200DF0452 /* Sources */,
				DF13786D282803D200DF0452 /* Frameworks */,
				DF13786E282803D200DF0452 /* Resources */,
			);
			buildRules = (
			);
			dependencies = (
				DF137872282803D200DF0452 /* PBXTargetDependency */,
			);
			name = BookStoreTests;
			productName = BookStoreTests;
			productReference = DF137870282803D200DF0452 /* BookStoreTests.xctest */;
			productType = "com.apple.product-type.bundle.unit-test";
		};
		DF137879282803D200DF0452 /* BookStoreUITests */ = {
			isa = PBXNativeTarget;
			buildConfigurationList = DF13788A282803D200DF0452 /* Build configuration list for PBXNativeTarget "BookStoreUITests" */;
			buildPhases = (
				DF137876282803D200DF0452 /* Sources */,
				DF137877282803D200DF0452 /* Frameworks */,
				DF137878282803D200DF0452 /* Resources */,
			);
			buildRules = (
			);
			dependencies = (
				DF13787C282803D200DF0452 /* PBXTargetDependency */,
			);
			name = BookStoreUITests;
			productName = BookStoreUITests;
			productReference = DF13787A282803D200DF0452 /* BookStoreUITests.xctest */;
			productType = "com.apple.product-type.bundle.ui-testing";
		};
/* End PBXNativeTarget section */

/* Begin PBXProject section */
		DF137852282803D000DF0452 /* Project object */ = {
			isa = PBXProject;
			attributes = {
				BuildIndependentTargetsInParallel = 1;
				LastSwiftUpdateCheck = 1330;
				LastUpgradeCheck = 1330;
				TargetAttributes = {
					DF137859282803D000DF0452 = {
						CreatedOnToolsVersion = 13.3.1;
						LastSwiftMigration = 1340;
					};
					DF13786F282803D200DF0452 = {
						CreatedOnToolsVersion = 13.3.1;
						TestTargetID = DF137859282803D000DF0452;
					};
					DF137879282803D200DF0452 = {
						CreatedOnToolsVersion = 13.3.1;
						TestTargetID = DF137859282803D000DF0452;
					};
				};
			};
			buildConfigurationList = DF137855282803D000DF0452 /* Build configuration list for PBXProject "BookStore" */;
			compatibilityVersion = "Xcode 13.0";
			developmentRegion = en;
			hasScannedForEncodings = 0;
			knownRegions = (
				en,
				Base,
			);
			mainGroup = DF137851282803D000DF0452;
			productRefGroup = DF13785B282803D000DF0452 /* Products */;
			projectDirPath = "";
			projectRoot = "";
			targets = (
				DF137859282803D000DF0452 /* BookStore */,
				DF13786F282803D200DF0452 /* BookStoreTests */,
				DF137879282803D200DF0452 /* BookStoreUITests */,
			);
		};
/* End PBXProject section */

/* Begin PBXResourcesBuildPhase section */
		DF137858282803D000DF0452 /* Resources */ = {
			isa = PBXResourcesBuildPhase;
			buildActionMask = 2147483647;
			files = (
				DF13786A282803D100DF0452 /* LaunchScreen.storyboard in Resources */,
				DF137867282803D100DF0452 /* Assets.xcassets in Resources */,
				DF137865282803D000DF0452 /* Main.storyboard in Resources */,
			);
			runOnlyForDeploymentPostprocessing = 0;
		};
		DF13786E282803D200DF0452 /* Resources */ = {
			isa = PBXResourcesBuildPhase;
			buildActionMask = 2147483647;
			files = (
			);
			runOnlyForDeploymentPostprocessing = 0;
		};
		DF137878282803D200DF0452 /* Resources */ = {
			isa = PBXResourcesBuildPhase;
			buildActionMask = 2147483647;
			files = (
			);
			runOnlyForDeploymentPostprocessing = 0;
		};
/* End PBXResourcesBuildPhase section */

/* Begin PBXSourcesBuildPhase section */
		DF137856282803D000DF0452 /* Sources */ = {
			isa = PBXSourcesBuildPhase;
			buildActionMask = 2147483647;
			files = (
				DFFC07862836424B0070AEA0 /* ListOfBooksCell.swift in Sources */,
				DFE8878A2838D96C00A132BA /* BookDetailController.swift in Sources */,
				DF6478B0283688610004B0EC /* PaymentDetailController.swift in Sources */,
				DFFC078028363E680070AEA0 /* ListOfBooksController.swift in Sources */,
				DFFC078328363F4E0070AEA0 /* Book.swift in Sources */,
				DFA2ABD32837C8E100649FF8 /* FMDatabaseAdditions.m in Sources */,
				DF6478A4283677B10004B0EC /* CartsCell.swift in Sources */,
				DF6478A828367C030004B0EC /* Payment.swift in Sources */,
				DF6478AC28367FA50004B0EC /* PaymentHistoryController.swift in Sources */,
				DF6478AA28367F2B0004B0EC /* PaymentHistoryCell.swift in Sources */,
				DFA2ABD52837C8E100649FF8 /* FMDatabaseQueue.m in Sources */,
				DF13785E282803D000DF0452 /* AppDelegate.swift in Sources */,
				DFA2ABD12837C8E100649FF8 /* FMResultSet.m in Sources */,
				DFFC078828365DDD0070AEA0 /* BookManagementCell.swift in Sources */,
				DF6478A6283677DE0004B0EC /* CartsController.swift in Sources */,
				DFA2ABD42837C8E100649FF8 /* FMDatabasePool.m in Sources */,
				DF6478AE283687E80004B0EC /* PaymentDetailCell.swift in Sources */,
				DF89E28B282816A200A63150 /* BookManagementController.swift in Sources */,
				DFA2ABD82837C96900649FF8 /* BookManagementDatabase.swift in Sources */,
				DF137860282803D000DF0452 /* SceneDelegate.swift in Sources */,
				DFA2ABD22837C8E100649FF8 /* FMDatabase.m in Sources */,
			);
			runOnlyForDeploymentPostprocessing = 0;
		};
		DF13786C282803D200DF0452 /* Sources */ = {
			isa = PBXSourcesBuildPhase;
			buildActionMask = 2147483647;
			files = (
				DF137875282803D200DF0452 /* BookStoreTests.swift in Sources */,
			);
			runOnlyForDeploymentPostprocessing = 0;
		};
		DF137876282803D200DF0452 /* Sources */ = {
			isa = PBXSourcesBuildPhase;
			buildActionMask = 2147483647;
			files = (
				DF13787F282803D200DF0452 /* BookStoreUITests.swift in Sources */,
				DF137881282803D200DF0452 /* BookStoreUITestsLaunchTests.swift in Sources */,
			);
			runOnlyForDeploymentPostprocessing = 0;
		};
/* End PBXSourcesBuildPhase section */

/* Begin PBXTargetDependency section */
		DF137872282803D200DF0452 /* PBXTargetDependency */ = {
			isa = PBXTargetDependency;
			target = DF137859282803D000DF0452 /* BookStore */;
			targetProxy = DF137871282803D200DF0452 /* PBXContainerItemProxy */;
		};
		DF13787C282803D200DF0452 /* PBXTargetDependency */ = {
			isa = PBXTargetDependency;
			target = DF137859282803D000DF0452 /* BookStore */;
			targetProxy = DF13787B282803D200DF0452 /* PBXContainerItemProxy */;
		};
/* End PBXTargetDependency section */

/* Begin PBXVariantGroup section */
		DF137863282803D000DF0452 /* Main.storyboard */ = {
			isa = PBXVariantGroup;
			children = (
				DF137864282803D000DF0452 /* Base */,
			);
			name = Main.storyboard;
			sourceTree = "<group>";
		};
		DF137868282803D100DF0452 /* LaunchScreen.storyboard */ = {
			isa = PBXVariantGroup;
			children = (
				DF137869282803D100DF0452 /* Base */,
			);
			name = LaunchScreen.storyboard;
			sourceTree = "<group>";
		};
/* End PBXVariantGroup section */

/* Begin XCBuildConfiguration section */
		DF137882282803D200DF0452 /* Debug */ = {
			isa = XCBuildConfiguration;
			buildSettings = {
				ALWAYS_SEARCH_USER_PATHS = NO;
				CLANG_ANALYZER_NONNULL = YES;
				CLANG_ANALYZER_NUMBER_OBJECT_CONVERSION = YES_AGGRESSIVE;
				CLANG_CXX_LANGUAGE_STANDARD = "gnu++17";
				CLANG_ENABLE_MODULES = YES;
				CLANG_ENABLE_OBJC_ARC = YES;
				CLANG_ENABLE_OBJC_WEAK = YES;
				CLANG_WARN_BLOCK_CAPTURE_AUTORELEASING = YES;
				CLANG_WARN_BOOL_CONVERSION = YES;
				CLANG_WARN_COMMA = YES;
				CLANG_WARN_CONSTANT_CONVERSION = YES;
				CLANG_WARN_DEPRECATED_OBJC_IMPLEMENTATIONS = YES;
				CLANG_WARN_DIRECT_OBJC_ISA_USAGE = YES_ERROR;
				CLANG_WARN_DOCUMENTATION_COMMENTS = YES;
				CLANG_WARN_EMPTY_BODY = YES;
				CLANG_WARN_ENUM_CONVERSION = YES;
				CLANG_WARN_INFINITE_RECURSION = YES;
				CLANG_WARN_INT_CONVERSION = YES;
				CLANG_WARN_NON_LITERAL_NULL_CONVERSION = YES;
				CLANG_WARN_OBJC_IMPLICIT_RETAIN_SELF = YES;
				CLANG_WARN_OBJC_LITERAL_CONVERSION = YES;
				CLANG_WARN_OBJC_ROOT_CLASS = YES_ERROR;
				CLANG_WARN_QUOTED_INCLUDE_IN_FRAMEWORK_HEADER = YES;
				CLANG_WARN_RANGE_LOOP_ANALYSIS = YES;
				CLANG_WARN_STRICT_PROTOTYPES = YES;
				CLANG_WARN_SUSPICIOUS_MOVE = YES;
				CLANG_WARN_UNGUARDED_AVAILABILITY = YES_AGGRESSIVE;
				CLANG_WARN_UNREACHABLE_CODE = YES;
				CLANG_WARN__DUPLICATE_METHOD_MATCH = YES;
				COPY_PHASE_STRIP = NO;
				DEBUG_INFORMATION_FORMAT = dwarf;
				ENABLE_STRICT_OBJC_MSGSEND = YES;
				ENABLE_TESTABILITY = YES;
				GCC_C_LANGUAGE_STANDARD = gnu11;
				GCC_DYNAMIC_NO_PIC = NO;
				GCC_NO_COMMON_BLOCKS = YES;
				GCC_OPTIMIZATION_LEVEL = 0;
				GCC_PREPROCESSOR_DEFINITIONS = (
					"DEBUG=1",
					"$(inherited)",
				);
				GCC_WARN_64_TO_32_BIT_CONVERSION = YES;
				GCC_WARN_ABOUT_RETURN_TYPE = YES_ERROR;
				GCC_WARN_UNDECLARED_SELECTOR = YES;
				GCC_WARN_UNINITIALIZED_AUTOS = YES_AGGRESSIVE;
				GCC_WARN_UNUSED_FUNCTION = YES;
				GCC_WARN_UNUSED_VARIABLE = YES;
				IPHONEOS_DEPLOYMENT_TARGET = 15.4;
				MTL_ENABLE_DEBUG_INFO = INCLUDE_SOURCE;
				MTL_FAST_MATH = YES;
				ONLY_ACTIVE_ARCH = YES;
				SDKROOT = iphoneos;
				SWIFT_ACTIVE_COMPILATION_CONDITIONS = DEBUG;
				SWIFT_OPTIMIZATION_LEVEL = "-Onone";
			};
			name = Debug;
		};
		DF137883282803D200DF0452 /* Release */ = {
			isa = XCBuildConfiguration;
			buildSettings = {
				ALWAYS_SEARCH_USER_PATHS = NO;
				CLANG_ANALYZER_NONNULL = YES;
				CLANG_ANALYZER_NUMBER_OBJECT_CONVERSION = YES_AGGRESSIVE;
				CLANG_CXX_LANGUAGE_STANDARD = "gnu++17";
				CLANG_ENABLE_MODULES = YES;
				CLANG_ENABLE_OBJC_ARC = YES;
				CLANG_ENABLE_OBJC_WEAK = YES;
				CLANG_WARN_BLOCK_CAPTURE_AUTORELEASING = YES;
				CLANG_WARN_BOOL_CONVERSION = YES;
				CLANG_WARN_COMMA = YES;
				CLANG_WARN_CONSTANT_CONVERSION = YES;
				CLANG_WARN_DEPRECATED_OBJC_IMPLEMENTATIONS = YES;
				CLANG_WARN_DIRECT_OBJC_ISA_USAGE = YES_ERROR;
				CLANG_WARN_DOCUMENTATION_COMMENTS = YES;
				CLANG_WARN_EMPTY_BODY = YES;
				CLANG_WARN_ENUM_CONVERSION = YES;
				CLANG_WARN_INFINITE_RECURSION = YES;
				CLANG_WARN_INT_CONVERSION = YES;
				CLANG_WARN_NON_LITERAL_NULL_CONVERSION = YES;
				CLANG_WARN_OBJC_IMPLICIT_RETAIN_SELF = YES;
				CLANG_WARN_OBJC_LITERAL_CONVERSION = YES;
				CLANG_WARN_OBJC_ROOT_CLASS = YES_ERROR;
				CLANG_WARN_QUOTED_INCLUDE_IN_FRAMEWORK_HEADER = YES;
				CLANG_WARN_RANGE_LOOP_ANALYSIS = YES;
				CLANG_WARN_STRICT_PROTOTYPES = YES;
				CLANG_WARN_SUSPICIOUS_MOVE = YES;
				CLANG_WARN_UNGUARDED_AVAILABILITY = YES_AGGRESSIVE;
				CLANG_WARN_UNREACHABLE_CODE = YES;
				CLANG_WARN__DUPLICATE_METHOD_MATCH = YES;
				COPY_PHASE_STRIP = NO;
				DEBUG_INFORMATION_FORMAT = "dwarf-with-dsym";
				ENABLE_NS_ASSERTIONS = NO;
				ENABLE_STRICT_OBJC_MSGSEND = YES;
				GCC_C_LANGUAGE_STANDARD = gnu11;
				GCC_NO_COMMON_BLOCKS = YES;
				GCC_WARN_64_TO_32_BIT_CONVERSION = YES;
				GCC_WARN_ABOUT_RETURN_TYPE = YES_ERROR;
				GCC_WARN_UNDECLARED_SELECTOR = YES;
				GCC_WARN_UNINITIALIZED_AUTOS = YES_AGGRESSIVE;
				GCC_WARN_UNUSED_FUNCTION = YES;
				GCC_WARN_UNUSED_VARIABLE = YES;
				IPHONEOS_DEPLOYMENT_TARGET = 15.4;
				MTL_ENABLE_DEBUG_INFO = NO;
				MTL_FAST_MATH = YES;
				SDKROOT = iphoneos;
				SWIFT_COMPILATION_MODE = wholemodule;
				SWIFT_OPTIMIZATION_LEVEL = "-O";
				VALIDATE_PRODUCT = YES;
			};
			name = Release;
		};
		DF137885282803D200DF0452 /* Debug */ = {
			isa = XCBuildConfiguration;
			buildSettings = {
				ASSETCATALOG_COMPILER_APPICON_NAME = AppIcon;
				ASSETCATALOG_COMPILER_GLOBAL_ACCENT_COLOR_NAME = AccentColor;
				CLANG_ENABLE_MODULES = YES;
				CODE_SIGN_STYLE = Automatic;
				CURRENT_PROJECT_VERSION = 1;
				DEVELOPMENT_TEAM = 68Q293A4CL;
				GENERATE_INFOPLIST_FILE = YES;
				INFOPLIST_FILE = BookStore/Info.plist;
				INFOPLIST_KEY_UIApplicationSupportsIndirectInputEvents = YES;
				INFOPLIST_KEY_UILaunchStoryboardName = LaunchScreen;
				INFOPLIST_KEY_UIMainStoryboardFile = Main;
				INFOPLIST_KEY_UISupportedInterfaceOrientations_iPad = "UIInterfaceOrientationPortrait UIInterfaceOrientationPortraitUpsideDown UIInterfaceOrientationLandscapeLeft UIInterfaceOrientationLandscapeRight";
				INFOPLIST_KEY_UISupportedInterfaceOrientations_iPhone = "UIInterfaceOrientationPortrait UIInterfaceOrientationLandscapeLeft UIInterfaceOrientationLandscapeRight";
				LD_RUNPATH_SEARCH_PATHS = (
					"$(inherited)",
					"@executable_path/Frameworks",
				);
				MARKETING_VERSION = 1.0;
				PRODUCT_BUNDLE_IDENTIFIER = hieulhbt.BookStore;
				PRODUCT_NAME = "$(TARGET_NAME)";
				SWIFT_EMIT_LOC_STRINGS = YES;
				SWIFT_OBJC_BRIDGING_HEADER = "BookStore/FMDB/BookStore-Bridging-Header.h";
				SWIFT_OPTIMIZATION_LEVEL = "-Onone";
				SWIFT_VERSION = 5.0;
				TARGETED_DEVICE_FAMILY = "1,2";
			};
			name = Debug;
		};
		DF137886282803D200DF0452 /* Release */ = {
			isa = XCBuildConfiguration;
			buildSettings = {
				ASSETCATALOG_COMPILER_APPICON_NAME = AppIcon;
				ASSETCATALOG_COMPILER_GLOBAL_ACCENT_COLOR_NAME = AccentColor;
				CLANG_ENABLE_MODULES = YES;
				CODE_SIGN_STYLE = Automatic;
				CURRENT_PROJECT_VERSION = 1;
				DEVELOPMENT_TEAM = 68Q293A4CL;
				GENERATE_INFOPLIST_FILE = YES;
				INFOPLIST_FILE = BookStore/Info.plist;
				INFOPLIST_KEY_UIApplicationSupportsIndirectInputEvents = YES;
				INFOPLIST_KEY_UILaunchStoryboardName = LaunchScreen;
				INFOPLIST_KEY_UIMainStoryboardFile = Main;
				INFOPLIST_KEY_UISupportedInterfaceOrientations_iPad = "UIInterfaceOrientationPortrait UIInterfaceOrientationPortraitUpsideDown UIInterfaceOrientationLandscapeLeft UIInterfaceOrientationLandscapeRight";
				INFOPLIST_KEY_UISupportedInterfaceOrientations_iPhone = "UIInterfaceOrientationPortrait UIInterfaceOrientationLandscapeLeft UIInterfaceOrientationLandscapeRight";
				LD_RUNPATH_SEARCH_PATHS = (
					"$(inherited)",
					"@executable_path/Frameworks",
				);
				MARKETING_VERSION = 1.0;
				PRODUCT_BUNDLE_IDENTIFIER = hieulhbt.BookStore;
				PRODUCT_NAME = "$(TARGET_NAME)";
				SWIFT_EMIT_LOC_STRINGS = YES;
				SWIFT_OBJC_BRIDGING_HEADER = "BookStore/FMDB/BookStore-Bridging-Header.h";
				SWIFT_VERSION = 5.0;
				TARGETED_DEVICE_FAMILY = "1,2";
			};
			name = Release;
		};
		DF137888282803D200DF0452 /* Debug */ = {
			isa = XCBuildConfiguration;
			buildSettings = {
				ALWAYS_EMBED_SWIFT_STANDARD_LIBRARIES = YES;
				BUNDLE_LOADER = "$(TEST_HOST)";
				CODE_SIGN_STYLE = Automatic;
				CURRENT_PROJECT_VERSION = 1;
				DEVELOPMENT_TEAM = 68Q293A4CL;
				GENERATE_INFOPLIST_FILE = YES;
				IPHONEOS_DEPLOYMENT_TARGET = 15.4;
				MARKETING_VERSION = 1.0;
				PRODUCT_BUNDLE_IDENTIFIER = hieulhbt.BookStoreTests;
				PRODUCT_NAME = "$(TARGET_NAME)";
				SWIFT_EMIT_LOC_STRINGS = NO;
				SWIFT_VERSION = 5.0;
				TARGETED_DEVICE_FAMILY = "1,2";
				TEST_HOST = "$(BUILT_PRODUCTS_DIR)/BookStore.app/BookStore";
			};
			name = Debug;
		};
		DF137889282803D200DF0452 /* Release */ = {
			isa = XCBuildConfiguration;
			buildSettings = {
				ALWAYS_EMBED_SWIFT_STANDARD_LIBRARIES = YES;
				BUNDLE_LOADER = "$(TEST_HOST)";
				CODE_SIGN_STYLE = Automatic;
				CURRENT_PROJECT_VERSION = 1;
				DEVELOPMENT_TEAM = 68Q293A4CL;
				GENERATE_INFOPLIST_FILE = YES;
				IPHONEOS_DEPLOYMENT_TARGET = 15.4;
				MARKETING_VERSION = 1.0;
				PRODUCT_BUNDLE_IDENTIFIER = hieulhbt.BookStoreTests;
				PRODUCT_NAME = "$(TARGET_NAME)";
				SWIFT_EMIT_LOC_STRINGS = NO;
				SWIFT_VERSION = 5.0;
				TARGETED_DEVICE_FAMILY = "1,2";
				TEST_HOST = "$(BUILT_PRODUCTS_DIR)/BookStore.app/BookStore";
			};
			name = Release;
		};
		DF13788B282803D200DF0452 /* Debug */ = {
			isa = XCBuildConfiguration;
			buildSettings = {
				ALWAYS_EMBED_SWIFT_STANDARD_LIBRARIES = YES;
				CODE_SIGN_STYLE = Automatic;
				CURRENT_PROJECT_VERSION = 1;
				DEVELOPMENT_TEAM = 68Q293A4CL;
				GENERATE_INFOPLIST_FILE = YES;
				MARKETING_VERSION = 1.0;
				PRODUCT_BUNDLE_IDENTIFIER = hieulhbt.BookStoreUITests;
				PRODUCT_NAME = "$(TARGET_NAME)";
				SWIFT_EMIT_LOC_STRINGS = NO;
				SWIFT_VERSION = 5.0;
				TARGETED_DEVICE_FAMILY = "1,2";
				TEST_TARGET_NAME = BookStore;
			};
			name = Debug;
		};
		DF13788C282803D200DF0452 /* Release */ = {
			isa = XCBuildConfiguration;
			buildSettings = {
				ALWAYS_EMBED_SWIFT_STANDARD_LIBRARIES = YES;
				CODE_SIGN_STYLE = Automatic;
				CURRENT_PROJECT_VERSION = 1;
				DEVELOPMENT_TEAM = 68Q293A4CL;
				GENERATE_INFOPLIST_FILE = YES;
				MARKETING_VERSION = 1.0;
				PRODUCT_BUNDLE_IDENTIFIER = hieulhbt.BookStoreUITests;
				PRODUCT_NAME = "$(TARGET_NAME)";
				SWIFT_EMIT_LOC_STRINGS = NO;
				SWIFT_VERSION = 5.0;
				TARGETED_DEVICE_FAMILY = "1,2";
				TEST_TARGET_NAME = BookStore;
			};
			name = Release;
		};
/* End XCBuildConfiguration section */

/* Begin XCConfigurationList section */
		DF137855282803D000DF0452 /* Build configuration list for PBXProject "BookStore" */ = {
			isa = XCConfigurationList;
			buildConfigurations = (
				DF137882282803D200DF0452 /* Debug */,
				DF137883282803D200DF0452 /* Release */,
			);
			defaultConfigurationIsVisible = 0;
			defaultConfigurationName = Release;
		};
		DF137884282803D200DF0452 /* Build configuration list for PBXNativeTarget "BookStore" */ = {
			isa = XCConfigurationList;
			buildConfigurations = (
				DF137885282803D200DF0452 /* Debug */,
				DF137886282803D200DF0452 /* Release */,
			);
			defaultConfigurationIsVisible = 0;
			defaultConfigurationName = Release;
		};
		DF137887282803D200DF0452 /* Build configuration list for PBXNativeTarget "BookStoreTests" */ = {
			isa = XCConfigurationList;
			buildConfigurations = (
				DF137888282803D200DF0452 /* Debug */,
				DF137889282803D200DF0452 /* Release */,
			);
			defaultConfigurationIsVisible = 0;
			defaultConfigurationName = Release;
		};
		DF13788A282803D200DF0452 /* Build configuration list for PBXNativeTarget "BookStoreUITests" */ = {
			isa = XCConfigurationList;
			buildConfigurations = (
				DF13788B282803D200DF0452 /* Debug */,
				DF13788C282803D200DF0452 /* Release */,
			);
			defaultConfigurationIsVisible = 0;
			defaultConfigurationName = Release;
		};
/* End XCConfigurationList section */
	};
	rootObject = DF137852282803D000DF0452 /* Project object */;
}
